
Microsoft Visual Studio Solution File, Format Version 12.00
# Visual Studio Version 16
VisualStudioVersion = 16.0.31112.23
MinimumVisualStudioVersion = 10.0.40219.1
Project("{FAE04EC0-301F-11D3-BF4B-00C04F79EFBC}") = "ppz_fkmm", "ppz_fkmm\ppz_fkmm.csproj", "{203DAC50-CD03-4343-B2DA-3078504F3FE0}"
EndProject
Global
	GlobalSection(SolutionConfigurationPlatforms) = preSolution
		Debug|Any CPU = Debug|Any CPU
		Release|Any CPU = Release|Any CPU
	EndGlobalSection
	GlobalSection(ProjectConfigurationPlatforms) = postSolution
		{203DAC50-CD03-4343-B2DA-3078504F3FE0}.Debug|Any CPU.ActiveCfg = Debug|Any CPU
		{203DAC50-CD03-4343-B2DA-3078504F3FE0}.Debug|Any CPU.Build.0 = Debug|Any CPU
		{203DAC50-CD03-4343-B2DA-3078504F3FE0}.Release|Any CPU.ActiveCfg = Release|Any CPU
		{203DAC50-CD03-4343-B2DA-3078504F3FE0}.Release|Any CPU.Build.0 = Release|Any CPU
	EndGlobalSection
	GlobalSection(SolutionProperties) = preSolution
		HideSolutionNode = FALSE
	EndGlobalSection
	GlobalSection(ExtensibilityGlobals) = postSolution
		SolutionGuid = {54E25B29-0E1B-4741-BDED-B6772BBCC708}
	EndGlobalSection
EndGlobal
